{
  "name": "how-long-to-beat-game-pass",
  "version": "2.0.0",
  "lockfileVersion": 2,
  "requires": true,
  "packages": {
    "": {
      "name": "how-long-to-beat-game-pass",
      "version": "2.0.0",
      "license": "ISC",
      "dependencies": {
        "howlongtobeat-ts": "^1.0.3"
      }
    },
    "node_modules/howlongtobeat-ts": {
      "version": "1.0.3",
      "resolved": "https://registry.npmjs.org/howlongtobeat-ts/-/howlongtobeat-ts-1.0.3.tgz",
      "integrity": "sha512-B5A5hzMq9vkWUgSzsw4vVtpMuHwd+BlQ0NiIWP2AanSjGjtU9JrmOiRMzql865IUy2eMLlGs7PMDLlXA6oechQ==",
      "license": "MIT",
      "dependencies": {
        "user-agents": "^1.1.481"
      }
    },
    "node_modules/user-agents": {
      "version": "1.1.675",
      "resolved": "https://registry.npmjs.org/user-agents/-/user-agents-1.1.675.tgz",
      "integrity": "sha512-ZQnegGfKf083joYjEZuLgjJtpDHW5IhOXWCw/25yx82ZvctDcYp/PQsWNShH4Dq00SuDYaPm0qndVBn6axBpvA==",
      "license": "BSD-2-Clause",
      "engines": {
        "node": ">=18"
      }
    }
  },
  "dependencies": {
    "howlongtobeat-ts": {
      "version": "1.0.3",
      "resolved": "https://registry.npmjs.org/howlongtobeat-ts/-/howlongtobeat-ts-1.0.3.tgz",
      "integrity": "sha512-B5A5hzMq9vkWUgSzsw4vVtpMuHwd+BlQ0NiIWP2AanSjGjtU9JrmOiRMzql865IUy2eMLlGs7PMDLlXA6oechQ==",
      "requires": {
        "user-agents": "^1.1.481"
      }
    },
    "user-agents": {
      "version": "1.1.675",
      "resolved": "https://registry.npmjs.org/user-agents/-/user-agents-1.1.675.tgz",
      "integrity": "sha512-ZQnegGfKf083joYjEZuLgjJtpDHW5IhOXWCw/25yx82ZvctDcYp/PQsWNShH4Dq00SuDYaPm0qndVBn6axBpvA=="
    }
  }
}
